# This file is automatically @generated by Cargo.
# It is not intended for manual editing.
version = 3

[[package]]
name = "aho-corasick"
version = "0.7.3"
source = "registry+https://github.com/rust-lang/crates.io-index"
checksum = "e6f484ae0c99fec2e858eb6134949117399f222608d84cadb3f58c1f97c2364c"
dependencies = [
 "memchr",
]

[[package]]
name = "arrayref"
version = "0.3.5"
source = "registry+https://github.com/rust-lang/crates.io-index"
checksum = "0d382e583f07208808f6b1249e60848879ba3543f57c32277bf52d69c2f0f0ee"

[[package]]
name = "arrayvec"
version = "0.4.10"
source = "registry+https://github.com/rust-lang/crates.io-index"
checksum = "92c7fb76bc8826a8b33b4ee5bb07a247a81e76764ab4d55e8f73e3a4d8808c71"
dependencies = [
 "nodrop",
]

[[package]]
name = "autocfg"
version = "0.1.4"
source = "registry+https://github.com/rust-lang/crates.io-index"
checksum = "0e49efa51329a5fd37e7c79db4621af617cd4e3e5bc224939808d076077077bf"

[[package]]
name = "backtrace"
version = "0.3.31"
source = "registry+https://github.com/rust-lang/crates.io-index"
checksum = "e0f77aa27f55a4beb477ff6bc4d9bf72f90eb422b19c1d8e5a644b8aeb674d66"
dependencies = [
 "autocfg",
 "backtrace-sys",
 "cfg-if",
 "libc",
 "rustc-demangle",
]

[[package]]
name = "backtrace-sys"
version = "0.1.28"
source = "registry+https://github.com/rust-lang/crates.io-index"
checksum = "797c830ac25ccc92a7f8a7b9862bde440715531514594a6154e3d4a54dd769b6"
dependencies = [
 "cc",
 "libc",
]

[[package]]
name = "base58"
version = "0.1.0"
source = "registry+https://github.com/rust-lang/crates.io-index"
checksum = "5024ee8015f02155eee35c711107ddd9a9bf3cb689cf2a9089c97e79b6e1ae83"

[[package]]
name = "bitflags"
version = "1.1.0"
source = "registry+https://github.com/rust-lang/crates.io-index"
checksum = "3d155346769a6855b86399e9bc3814ab343cd3d62c7e985113d46a0ec3c281fd"

[[package]]
name = "bitmask"
version = "0.5.0"
source = "registry+https://github.com/rust-lang/crates.io-index"
checksum = "5da9b3d9f6f585199287a473f4f8dfab6566cf827d15c00c219f53c645687ead"

[[package]]
name = "blake2-rfc"
version = "0.2.18"
source = "registry+https://github.com/rust-lang/crates.io-index"
checksum = "5d6d530bdd2d52966a6d03b7a964add7ae1a288d25214066fd4b600f0f796400"
dependencies = [
 "arrayvec",
 "constant_time_eq",
]

[[package]]
name = "block-buffer"
version = "0.2.0"
source = "registry+https://github.com/rust-lang/crates.io-index"
checksum = "1339a1042f5d9f295737ad4d9a6ab6bf81c84a933dba110b9200cd6d1448b814"
dependencies = [
 "byte-tools 0.2.0",
 "generic-array 0.8.3",
]

[[package]]
name = "block-buffer"
version = "0.7.3"
source = "registry+https://github.com/rust-lang/crates.io-index"
checksum = "c0940dc441f31689269e10ac70eb1002a3a1d3ad1390e030043662eb7fe4688b"
dependencies = [
 "block-padding",
 "byte-tools 0.3.1",
 "byteorder",
 "generic-array 0.12.0",
]

[[package]]
name = "block-padding"
version = "0.1.4"
source = "registry+https://github.com/rust-lang/crates.io-index"
checksum = "6d4dc3af3ee2e12f3e5d224e5e1e3d73668abbeb69e566d361f7d5563a4fdf09"
dependencies = [
 "byte-tools 0.3.1",
]

[[package]]
name = "byte-tools"
version = "0.2.0"
source = "registry+https://github.com/rust-lang/crates.io-index"
checksum = "560c32574a12a89ecd91f5e742165893f86e3ab98d21f8ea548658eb9eef5f40"

[[package]]
name = "byte-tools"
version = "0.3.1"
source = "registry+https://github.com/rust-lang/crates.io-index"
checksum = "e3b5ca7a04898ad4bcd41c90c5285445ff5b791899bb1b0abdd2a2aa791211d7"

[[package]]
name = "byteorder"
version = "1.3.2"
source = "registry+https://github.com/rust-lang/crates.io-index"
checksum = "a7c3dd8985a7111efc5c80b44e23ecdd8c007de8ade3b96595387e812b957cf5"

[[package]]
name = "cc"
version = "1.0.37"
source = "registry+https://github.com/rust-lang/crates.io-index"
checksum = "39f75544d7bbaf57560d2168f28fd649ff9c76153874db88bdbdfd839b1a7e7d"

[[package]]
name = "cfg-if"
version = "0.1.9"
source = "registry+https://github.com/rust-lang/crates.io-index"
checksum = "b486ce3ccf7ffd79fdeb678eac06a9e6c09fc88d33836340becb8fffe87c5e33"

[[package]]
name = "clear_on_drop"
version = "0.2.3"
source = "registry+https://github.com/rust-lang/crates.io-index"
checksum = "97276801e127ffb46b66ce23f35cc96bd454fa311294bced4bbace7baa8b1d17"
dependencies = [
 "cc",
]

[[package]]
name = "cloudabi"
version = "0.0.3"
source = "registry+https://github.com/rust-lang/crates.io-index"
checksum = "ddfc5b9aa5d4507acaf872de71051dfd0e309860e88966e1051e462a077aac4f"
dependencies = [
 "bitflags",
]

[[package]]
name = "constant_time_eq"
version = "0.1.3"
source = "registry+https://github.com/rust-lang/crates.io-index"
checksum = "8ff012e225ce166d4422e0e78419d901719760f62ae2b7969ca6b564d1b54a9e"

[[package]]
name = "crossbeam-deque"
version = "0.6.3"
source = "registry+https://github.com/rust-lang/crates.io-index"
checksum = "05e44b8cf3e1a625844d1750e1f7820da46044ff6d28f4d43e455ba3e5bb2c13"
dependencies = [
 "crossbeam-epoch",
 "crossbeam-utils",
]

[[package]]
name = "crossbeam-epoch"
version = "0.7.1"
source = "registry+https://github.com/rust-lang/crates.io-index"
checksum = "04c9e3102cc2d69cd681412141b390abd55a362afc1540965dad0ad4d34280b4"
dependencies = [
 "arrayvec",
 "cfg-if",
 "crossbeam-utils",
 "lazy_static",
 "memoffset",
 "scopeguard",
]

[[package]]
name = "crossbeam-queue"
version = "0.1.2"
source = "registry+https://github.com/rust-lang/crates.io-index"
checksum = "7c979cd6cfe72335896575c6b5688da489e420d36a27a0b9eb0c73db574b4a4b"
dependencies = [
 "crossbeam-utils",
]

[[package]]
name = "crossbeam-utils"
version = "0.6.5"
source = "registry+https://github.com/rust-lang/crates.io-index"
checksum = "f8306fcef4a7b563b76b7dd949ca48f52bc1141aa067d2ea09565f3e2652aa5c"
dependencies = [
 "cfg-if",
 "lazy_static",
]

[[package]]
name = "crunchy"
version = "0.2.2"
source = "registry+https://github.com/rust-lang/crates.io-index"
checksum = "7a81dae078cea95a014a339291cec439d2f232ebe854a9d672b796c6afafa9b7"

[[package]]
name = "crypto-mac"
version = "0.4.0"
source = "registry+https://github.com/rust-lang/crates.io-index"
checksum = "779015233ac67d65098614aec748ac1c756ab6677fa2e14cf8b37c08dfed1198"
dependencies = [
 "constant_time_eq",
 "generic-array 0.8.3",
]

[[package]]
name = "crypto-mac"
version = "0.7.0"
source = "registry+https://github.com/rust-lang/crates.io-index"
checksum = "4434400df11d95d556bac068ddfedd482915eb18fe8bea89bc80b6e4b1c179e5"
dependencies = [
 "generic-array 0.12.0",
 "subtle 1.0.0",
]

[[package]]
name = "curve25519-dalek"
version = "1.2.1"
source = "registry+https://github.com/rust-lang/crates.io-index"
checksum = "5d4b820e8711c211745880150f5fac78ab07d6e3851d8ce9f5a02cedc199174c"
dependencies = [
 "byteorder",
 "clear_on_drop",
 "digest 0.8.0",
 "rand_core 0.3.1",
 "subtle 2.1.0",
]

[[package]]
name = "digest"
version = "0.6.2"
source = "registry+https://github.com/rust-lang/crates.io-index"
checksum = "e5b29bf156f3f4b3c4f610a25ff69370616ae6e0657d416de22645483e72af0a"
dependencies = [
 "generic-array 0.8.3",
]

[[package]]
name = "digest"
version = "0.8.0"
source = "registry+https://github.com/rust-lang/crates.io-index"
checksum = "05f47366984d3ad862010e22c7ce81a7dbcaebbdfb37241a620f8b6596ee135c"
dependencies = [
 "generic-array 0.12.0",
]

[[package]]
name = "ed25519-dalek"
version = "1.0.0-pre.1"
source = "registry+https://github.com/rust-lang/crates.io-index"
checksum = "81956bcf7ef761fb4e1d88de3fa181358a0d26cbcb9755b587a08f9119824b86"
dependencies = [
 "clear_on_drop",
 "curve25519-dalek",
 "failure",
 "rand 0.6.5",
 "sha2 0.8.0",
]

[[package]]
name = "either"
version = "1.5.2"
source = "registry+https://github.com/rust-lang/crates.io-index"
checksum = "5527cfe0d098f36e3f8839852688e63c8fff1c90b2b405aef730615f9a7bcf7b"

[[package]]
name = "elastic-array"
version = "0.10.2"
source = "registry+https://github.com/rust-lang/crates.io-index"
checksum = "073be79b6538296faf81c631872676600616073817dd9a440c477ad09b408983"
dependencies = [
 "heapsize",
]

[[package]]
name = "environmental"
version = "1.0.1"
source = "registry+https://github.com/rust-lang/crates.io-index"
checksum = "5c7464757b80de8930c91c9afe77ddce501826bf9d134a87db2c67d9dc177e2c"

[[package]]
name = "failure"
version = "0.1.5"
source = "registry+https://github.com/rust-lang/crates.io-index"
checksum = "795bd83d3abeb9220f257e597aa0080a508b27533824adf336529648f6abf7e2"
dependencies = [
 "backtrace",
 "failure_derive",
]

[[package]]
name = "failure_derive"
version = "0.1.5"
source = "registry+https://github.com/rust-lang/crates.io-index"
checksum = "ea1063915fd7ef4309e222a5a07cf9c319fb9c7836b1f89b85458672dbb127e1"
dependencies = [
 "proc-macro2",
 "quote",
 "syn",
 "synstructure",
]

[[package]]
name = "fake-simd"
version = "0.1.2"
source = "registry+https://github.com/rust-lang/crates.io-index"
checksum = "e88a8acf291dafb59c2d96e8f59828f3838bb1a70398823ade51a84de6a6deed"

[[package]]
name = "fixed-hash"
version = "0.3.2"
source = "registry+https://github.com/rust-lang/crates.io-index"
checksum = "d1a683d1234507e4f3bf2736eeddf0de1dc65996dc0164d57eba0a74bcf29489"
dependencies = [
 "byteorder",
 "heapsize",
 "libc",
 "rand 0.5.6",
 "rustc-hex",
 "static_assertions",
]

[[package]]
name = "fuchsia-cprng"
version = "0.1.1"
source = "registry+https://github.com/rust-lang/crates.io-index"
checksum = "a06f77d526c1a601b7c4cdd98f54b5eaabffc14d5f2f0296febdc7f357c6d3ba"

[[package]]
name = "generic-array"
version = "0.8.3"
source = "registry+https://github.com/rust-lang/crates.io-index"
checksum = "fceb69994e330afed50c93524be68c42fa898c2d9fd4ee8da03bd7363acd26f2"
dependencies = [
 "nodrop",
 "typenum",
]

[[package]]
name = "generic-array"
version = "0.12.0"
source = "registry+https://github.com/rust-lang/crates.io-index"
checksum = "3c0f28c2f5bfb5960175af447a2da7c18900693738343dc896ffbcabd9839592"
dependencies = [
 "typenum",
]

[[package]]
name = "hash-db"
version = "0.12.4"
source = "registry+https://github.com/rust-lang/crates.io-index"
checksum = "0b3c95a428c86ed4633d83e07ef9e0a147a906da01e931f07e74a85bedce5a43"

[[package]]
name = "hash256-std-hasher"
version = "0.12.4"
source = "registry+https://github.com/rust-lang/crates.io-index"
checksum = "663ce20dae36902c16d12c6aaae400ca40d922407a8cf2b4caf8cae9b39b4f03"
dependencies = [
 "crunchy",
]

[[package]]
name = "hashbrown"
version = "0.1.8"
source = "registry+https://github.com/rust-lang/crates.io-index"
checksum = "3bae29b6653b3412c2e71e9d486db9f9df5d701941d86683005efb9f2d28e3da"
dependencies = [
 "byteorder",
 "scopeguard",
]

[[package]]
name = "hashmap_core"
version = "0.1.10"
source = "registry+https://github.com/rust-lang/crates.io-index"
checksum = "8e04cb7a5051270ef3fa79f8c7604d581ecfa73d520e74f554e45541c4b5881a"

[[package]]
name = "heapsize"
version = "0.4.2"
source = "registry+https://github.com/rust-lang/crates.io-index"
checksum = "1679e6ea370dee694f91f1dc469bf94cf8f52051d147aec3e1f9497c6fc22461"
dependencies = [
 "winapi",
]

[[package]]
name = "hex"
version = "0.3.2"
source = "registry+https://github.com/rust-lang/crates.io-index"
checksum = "805026a5d0141ffc30abb3be3173848ad46a1b1664fe632428479619a3644d77"

[[package]]
name = "hex-literal"
version = "0.1.4"
source = "registry+https://github.com/rust-lang/crates.io-index"
checksum = "ddc2928beef125e519d69ae1baa8c37ea2e0d3848545217f6db0179c5eb1d639"
dependencies = [
 "hex-literal-impl",
 "proc-macro-hack 0.4.1",
]

[[package]]
name = "hex-literal-impl"
version = "0.1.2"
source = "registry+https://github.com/rust-lang/crates.io-index"
checksum = "520870c3213943eb8d7803e80180d12a6c7ceb4ae74602544529d1643dc4ddda"
dependencies = [
 "proc-macro-hack 0.4.1",
]

[[package]]
name = "hmac"
version = "0.4.2"
source = "registry+https://github.com/rust-lang/crates.io-index"
checksum = "7a13f4163aa0c5ca1be584aace0e2212b2e41be5478218d4f657f5f778b2ae2a"
dependencies = [
 "crypto-mac 0.4.0",
 "digest 0.6.2",
 "generic-array 0.8.3",
]

[[package]]
name = "hmac"
version = "0.7.0"
source = "registry+https://github.com/rust-lang/crates.io-index"
checksum = "f127a908633569f208325f86f71255d3363c79721d7f9fe31cd5569908819771"
dependencies = [
 "crypto-mac 0.7.0",
 "digest 0.8.0",
]

[[package]]
name = "hmac-drbg"
version = "0.1.2"
source = "registry+https://github.com/rust-lang/crates.io-index"
checksum = "4fe727d41d2eec0a6574d887914347e5ff96a3b87177817e2a9820c5c87fecc2"
dependencies = [
 "digest 0.6.2",
 "generic-array 0.8.3",
 "hmac 0.4.2",
]

[[package]]
name = "impl-codec"
version = "0.2.0"
source = "registry+https://github.com/rust-lang/crates.io-index"
checksum = "d2050d823639fbeae26b2b5ba09aca8907793117324858070ade0673c49f793b"
dependencies = [
 "parity-codec",
]

[[package]]
name = "impl-serde"
version = "0.1.1"
source = "registry+https://github.com/rust-lang/crates.io-index"
checksum = "5158079de9d4158e0ce1de3ae0bd7be03904efc40b3d7dd8b8c301cbf6b52b56"
dependencies = [
 "rustc-hex",
 "serde",
]

[[package]]
name = "impl-serde"
version = "0.2.0"
source = "registry+https://github.com/rust-lang/crates.io-index"
checksum = "7d26be4b97d738552ea423f76c4f681012ff06c3fa36fa968656b3679f60b4a1"
dependencies = [
 "serde",
]

[[package]]
name = "integer-sqrt"
version = "0.1.2"
source = "registry+https://github.com/rust-lang/crates.io-index"
checksum = "ea155abb3ba6f382a75f1418988c05fe82959ed9ce727de427f9cfd425b0c903"

[[package]]
name = "keccak"
version = "0.1.0"
source = "registry+https://github.com/rust-lang/crates.io-index"
checksum = "67c21572b4949434e4fc1e1978b99c5f77064153c59d998bf13ecd96fb5ecba7"

[[package]]
name = "lazy_static"
version = "1.3.0"
source = "registry+https://github.com/rust-lang/crates.io-index"
checksum = "bc5729f27f159ddd61f4df6228e827e86643d4d3e7c32183cb30a1c08f604a14"

[[package]]
name = "libc"
version = "0.2.58"
source = "registry+https://github.com/rust-lang/crates.io-index"
checksum = "6281b86796ba5e4366000be6e9e18bf35580adf9e63fbe2294aadb587613a319"

[[package]]
name = "libsecp256k1"
version = "0.2.2"
source = "registry+https://github.com/rust-lang/crates.io-index"
checksum = "688e8d65e495567c2c35ea0001b26b9debf0b4ea11f8cccc954233b75fc3428a"
dependencies = [
 "arrayref",
 "digest 0.6.2",
 "hmac-drbg",
 "rand 0.4.6",
 "sha2 0.6.0",
 "typenum",
]

[[package]]
name = "lock_api"
version = "0.1.5"
source = "registry+https://github.com/rust-lang/crates.io-index"
checksum = "62ebf1391f6acad60e5c8b43706dde4582df75c06698ab44511d15016bc2442c"
dependencies = [
 "owning_ref",
 "scopeguard",
]

[[package]]
name = "log"
version = "0.4.6"
source = "registry+https://github.com/rust-lang/crates.io-index"
checksum = "c84ec4b527950aa83a329754b01dbe3f58361d1c5efacd1f6d68c494d08a17c6"
dependencies = [
 "cfg-if",
]

[[package]]
name = "malloc_size_of_derive"
version = "0.1.0"
source = "registry+https://github.com/rust-lang/crates.io-index"
checksum = "35adee9ed962cf7d07d62cb58bc45029f3227f5b5b86246caa8632f06c187bc3"
dependencies = [
 "proc-macro2",
 "syn",
 "synstructure",
]

[[package]]
name = "maybe-uninit"
version = "2.0.0"
source = "registry+https://github.com/rust-lang/crates.io-index"
checksum = "60302e4db3a61da70c0cb7991976248362f30319e88850c487b9b95bbf059e00"

[[package]]
name = "meka-passport"
version = "0.1.0"
dependencies = [
 "parity-codec",
 "sr-io",
 "sr-primitives",
 "srml-support",
 "srml-system",
 "substrate-primitives",
]

[[package]]
name = "memchr"
version = "2.2.0"
source = "registry+https://github.com/rust-lang/crates.io-index"
checksum = "2efc7bc57c883d4a4d6e3246905283d8dae951bb3bd32f49d6ef297f546e1c39"

[[package]]
name = "memoffset"
version = "0.2.1"
source = "registry+https://github.com/rust-lang/crates.io-index"
checksum = "0f9dc261e2b62d7a622bf416ea3c5245cdd5d9a7fcc428c0d06804dfce1775b3"

[[package]]
name = "memory-db"
version = "0.12.4"
source = "registry+https://github.com/rust-lang/crates.io-index"
checksum = "1eeeeab44c01c7da4409e68ec5b5db74c92305386efab3615e495b1dacaec196"
dependencies = [
 "hash-db",
 "hashmap_core",
 "parity-util-mem",
]

[[package]]
name = "memory_units"
version = "0.3.0"
source = "registry+https://github.com/rust-lang/crates.io-index"
checksum = "71d96e3f3c0b6325d8ccd83c33b28acb183edcb6c67938ba104ec546854b0882"

[[package]]
name = "merlin"
version = "1.1.0"
source = "registry+https://github.com/rust-lang/crates.io-index"
checksum = "8c39467de91b004f5b9c06fac5bbc8e7d28309a205ee66905166b70804a71fea"
dependencies = [
 "byteorder",
 "clear_on_drop",
 "keccak",
 "rand_core 0.3.1",
]

[[package]]
name = "nodrop"
version = "0.1.13"
source = "registry+https://github.com/rust-lang/crates.io-index"
checksum = "2f9667ddcc6cc8a43afc9b7917599d7216aa09c463919ea32c59ed6cac8bc945"

[[package]]
name = "num-traits"
version = "0.2.8"
source = "registry+https://github.com/rust-lang/crates.io-index"
checksum = "6ba9a427cfca2be13aa6f6403b0b7e7368fe982bfa16fccc450ce74c46cd9b32"
dependencies = [
 "autocfg",
]

[[package]]
name = "num_cpus"
version = "1.10.1"
source = "registry+https://github.com/rust-lang/crates.io-index"
checksum = "bcef43580c035376c0705c42792c294b66974abbfd2789b511784023f71f3273"
dependencies = [
 "libc",
]

[[package]]
name = "once_cell"
version = "0.1.8"
source = "registry+https://github.com/rust-lang/crates.io-index"
checksum = "532c29a261168a45ce28948f9537ddd7a5dd272cc513b3017b1e82a88f962c37"
dependencies = [
 "parking_lot",
]

[[package]]
name = "opaque-debug"
version = "0.2.2"
source = "registry+https://github.com/rust-lang/crates.io-index"
checksum = "93f5bb2e8e8dec81642920ccff6b61f1eb94fa3020c5a325c9851ff604152409"

[[package]]
name = "owning_ref"
version = "0.4.0"
source = "registry+https://github.com/rust-lang/crates.io-index"
checksum = "49a4b8ea2179e6a2e27411d3bca09ca6dd630821cf6894c6c7c8467a8ee7ef13"
dependencies = [
 "stable_deref_trait",
]

[[package]]
name = "parity-codec"
version = "3.5.1"
source = "registry+https://github.com/rust-lang/crates.io-index"
checksum = "dcb43c05fb71c03b4ea7327bf15694da1e0f23f19d5b1e95bab6c6d74097e336"
dependencies = [
 "arrayvec",
 "parity-codec-derive",
 "serde",
]

[[package]]
name = "parity-codec-derive"
version = "3.3.0"
source = "registry+https://github.com/rust-lang/crates.io-index"
checksum = "00a486fd383382ddcb2de928364b1f82571c1e48274fc43b7667a4738ee4056c"
dependencies = [
 "proc-macro-crate",
 "proc-macro2",
 "quote",
 "syn",
]

[[package]]
name = "parity-util-mem"
version = "0.1.0"
source = "registry+https://github.com/rust-lang/crates.io-index"
checksum = "89e80f22052161e0cb55cb5a8a75890420c525031f95c9d262dbb0434aa85dc1"
dependencies = [
 "cfg-if",
 "clear_on_drop",
 "malloc_size_of_derive",
 "winapi",
]

[[package]]
name = "parity-wasm"
version = "0.31.3"
source = "registry+https://github.com/rust-lang/crates.io-index"
checksum = "511379a8194230c2395d2f5fa627a5a7e108a9f976656ce723ae68fca4097bfc"
dependencies = [
 "byteorder",
]

[[package]]
name = "parking_lot"
version = "0.7.1"
source = "registry+https://github.com/rust-lang/crates.io-index"
checksum = "ab41b4aed082705d1056416ae4468b6ea99d52599ecf3169b00088d43113e337"
dependencies = [
 "lock_api",
 "parking_lot_core",
]

[[package]]
name = "parking_lot_core"
version = "0.4.0"
source = "registry+https://github.com/rust-lang/crates.io-index"
checksum = "94c8c7923936b28d546dfd14d4472eaf34c99b14e1c973a32b3e6d4eb04298c9"
dependencies = [
 "libc",
 "rand 0.6.5",
 "rustc_version",
 "smallvec",
 "winapi",
]

[[package]]
name = "paste"
version = "0.1.5"
source = "registry+https://github.com/rust-lang/crates.io-index"
checksum = "1f4a4a1c555c6505821f9d58b8779d0f630a6b7e4e1be24ba718610acf01fa79"
dependencies = [
 "paste-impl",
 "proc-macro-hack 0.5.7",
]

[[package]]
name = "paste-impl"
version = "0.1.5"
source = "registry+https://github.com/rust-lang/crates.io-index"
checksum = "26e796e623b8b257215f27e6c80a5478856cae305f5b59810ff9acdaa34570e6"
dependencies = [
 "proc-macro-hack 0.5.7",
 "proc-macro2",
 "quote",
 "syn",
]

[[package]]
name = "pbkdf2"
version = "0.3.0"
source = "registry+https://github.com/rust-lang/crates.io-index"
checksum = "006c038a43a45995a9670da19e67600114740e8511d4333bf97a56e66a7542d9"
dependencies = [
 "byteorder",
 "crypto-mac 0.7.0",
 "rayon",
]

[[package]]
name = "primitive-types"
version = "0.2.4"
source = "registry+https://github.com/rust-lang/crates.io-index"
checksum = "6e8612a8dc70f26276fed6131c153ca277cf275ee0a5e2a50cd8a69c697beb8f"
dependencies = [
 "fixed-hash",
 "impl-codec",
 "impl-serde 0.2.0",
 "uint",
]

[[package]]
name = "proc-macro-crate"
version = "0.1.4"
source = "registry+https://github.com/rust-lang/crates.io-index"
checksum = "e10d4b51f154c8a7fb96fd6dad097cb74b863943ec010ac94b9fd1be8861fe1e"
dependencies = [
 "toml",
]

[[package]]
name = "proc-macro-hack"
version = "0.4.1"
source = "registry+https://github.com/rust-lang/crates.io-index"
checksum = "2c725b36c99df7af7bf9324e9c999b9e37d92c8f8caf106d82e1d7953218d2d8"
dependencies = [
 "proc-macro-hack-impl",
]

[[package]]
name = "proc-macro-hack"
version = "0.5.7"
source = "registry+https://github.com/rust-lang/crates.io-index"
checksum = "0c1dd4172a1e1f96f709341418f49b11ea6c2d95d53dca08c0f74cbd332d9cf3"
dependencies = [
 "proc-macro2",
 "quote",
 "syn",
]

[[package]]
name = "proc-macro-hack-impl"
version = "0.4.1"
source = "registry+https://github.com/rust-lang/crates.io-index"
checksum = "2b753ad9ed99dd8efeaa7d2fb8453c8f6bc3e54b97966d35f1bc77ca6865254a"

[[package]]
name = "proc-macro2"
version = "0.4.30"
source = "registry+https://github.com/rust-lang/crates.io-index"
checksum = "cf3d2011ab5c909338f7887f4fc896d35932e29146c12c8d01da6b22a80ba759"
dependencies = [
 "unicode-xid",
]

[[package]]
name = "quote"
version = "0.6.12"
source = "registry+https://github.com/rust-lang/crates.io-index"
checksum = "faf4799c5d274f3868a4aae320a0a182cbd2baee377b378f080e16a23e9d80db"
dependencies = [
 "proc-macro2",
]

[[package]]
name = "rand"
version = "0.4.6"
source = "registry+https://github.com/rust-lang/crates.io-index"
checksum = "552840b97013b1a26992c11eac34bdd778e464601a4c2054b5f0bff7c6761293"
dependencies = [
 "fuchsia-cprng",
 "rand_core 0.3.1",
 "rdrand",
 "winapi",
]

[[package]]
name = "rand"
version = "0.5.6"
source = "registry+https://github.com/rust-lang/crates.io-index"
checksum = "c618c47cd3ebd209790115ab837de41425723956ad3ce2e6a7f09890947cacb9"
dependencies = [
 "cloudabi",
 "fuchsia-cprng",
 "libc",
 "rand_core 0.3.1",
 "winapi",
]

[[package]]
name = "rand"
version = "0.6.5"
source = "registry+https://github.com/rust-lang/crates.io-index"
checksum = "6d71dacdc3c88c1fde3885a3be3fbab9f35724e6ce99467f7d9c5026132184ca"
dependencies = [
 "autocfg",
 "libc",
 "rand_chacha",
 "rand_core 0.4.0",
 "rand_hc",
 "rand_isaac",
 "rand_jitter",
 "rand_os",
 "rand_pcg",
 "rand_xorshift",
 "winapi",
]

[[package]]
name = "rand_chacha"
version = "0.1.1"
source = "registry+https://github.com/rust-lang/crates.io-index"
checksum = "556d3a1ca6600bfcbab7c7c91ccb085ac7fbbcd70e008a98742e7847f4f7bcef"
dependencies = [
 "autocfg",
 "rand_core 0.3.1",
]

[[package]]
name = "rand_core"
version = "0.3.1"
source = "registry+https://github.com/rust-lang/crates.io-index"
checksum = "7a6fdeb83b075e8266dcc8762c22776f6877a63111121f5f8c7411e5be7eed4b"
dependencies = [
 "rand_core 0.4.0",
]

[[package]]
name = "rand_core"
version = "0.4.0"
source = "registry+https://github.com/rust-lang/crates.io-index"
checksum = "d0e7a549d590831370895ab7ba4ea0c1b6b011d106b5ff2da6eee112615e6dc0"

[[package]]
name = "rand_hc"
version = "0.1.0"
source = "registry+https://github.com/rust-lang/crates.io-index"
checksum = "7b40677c7be09ae76218dc623efbf7b18e34bced3f38883af07bb75630a21bc4"
dependencies = [
 "rand_core 0.3.1",
]

[[package]]
name = "rand_isaac"
version = "0.1.1"
source = "registry+https://github.com/rust-lang/crates.io-index"
checksum = "ded997c9d5f13925be2a6fd7e66bf1872597f759fd9dd93513dd7e92e5a5ee08"
dependencies = [
 "rand_core 0.3.1",
]

[[package]]
name = "rand_jitter"
version = "0.1.4"
source = "registry+https://github.com/rust-lang/crates.io-index"
checksum = "1166d5c91dc97b88d1decc3285bb0a99ed84b05cfd0bc2341bdf2d43fc41e39b"
dependencies = [
 "libc",
 "rand_core 0.4.0",
 "winapi",
]

[[package]]
name = "rand_os"
version = "0.1.3"
source = "registry+https://github.com/rust-lang/crates.io-index"
checksum = "7b75f676a1e053fc562eafbb47838d67c84801e38fc1ba459e8f180deabd5071"
dependencies = [
 "cloudabi",
 "fuchsia-cprng",
 "libc",
 "rand_core 0.4.0",
 "rdrand",
 "winapi",
]

[[package]]
name = "rand_pcg"
version = "0.1.2"
source = "registry+https://github.com/rust-lang/crates.io-index"
checksum = "abf9b09b01790cfe0364f52bf32995ea3c39f4d2dd011eac241d2914146d0b44"
dependencies = [
 "autocfg",
 "rand_core 0.4.0",
]

[[package]]
name = "rand_xorshift"
version = "0.1.1"
source = "registry+https://github.com/rust-lang/crates.io-index"
checksum = "cbf7e9e623549b0e21f6e97cf8ecf247c1a8fd2e8a992ae265314300b2455d5c"
dependencies = [
 "rand_core 0.3.1",
]

[[package]]
name = "rayon"
version = "1.1.0"
source = "registry+https://github.com/rust-lang/crates.io-index"
checksum = "a4b0186e22767d5b9738a05eab7c6ac90b15db17e5b5f9bd87976dd7d89a10a4"
dependencies = [
 "crossbeam-deque",
 "either",
 "rayon-core",
]

[[package]]
name = "rayon-core"
version = "1.5.0"
source = "registry+https://github.com/rust-lang/crates.io-index"
checksum = "ebbe0df8435ac0c397d467b6cad6d25543d06e8a019ef3f6af3c384597515bd2"
dependencies = [
 "crossbeam-deque",
 "crossbeam-queue",
 "crossbeam-utils",
 "lazy_static",
 "num_cpus",
]

[[package]]
name = "rdrand"
version = "0.4.0"
source = "registry+https://github.com/rust-lang/crates.io-index"
checksum = "678054eb77286b51581ba43620cc911abf02758c91f93f479767aed0f90458b2"
dependencies = [
 "rand_core 0.3.1",
]

[[package]]
name = "regex"
version = "1.1.7"
source = "registry+https://github.com/rust-lang/crates.io-index"
checksum = "0b2f0808e7d7e4fb1cb07feb6ff2f4bc827938f24f8c2e6a3beb7370af544bdd"
dependencies = [
 "aho-corasick",
 "memchr",
 "regex-syntax",
 "thread_local",
 "utf8-ranges",
]

[[package]]
name = "regex-syntax"
version = "0.6.7"
source = "registry+https://github.com/rust-lang/crates.io-index"
checksum = "9d76410686f9e3a17f06128962e0ecc5755870bb890c34820c7af7f1db2e1d48"
dependencies = [
 "ucd-util",
]

[[package]]
name = "ring"
version = "0.14.6"
source = "registry+https://github.com/rust-lang/crates.io-index"
checksum = "426bc186e3e95cac1e4a4be125a4aca7e84c2d616ffc02244eef36e2a60a093c"
dependencies = [
 "cc",
 "lazy_static",
 "libc",
 "spin",
 "untrusted",
 "winapi",
]

[[package]]
name = "rustc-demangle"
version = "0.1.15"
source = "registry+https://github.com/rust-lang/crates.io-index"
checksum = "a7f4dccf6f4891ebcc0c39f9b6eb1a83b9bf5d747cb439ec6fba4f3b977038af"

[[package]]
name = "rustc-hex"
version = "2.0.1"
source = "registry+https://github.com/rust-lang/crates.io-index"
checksum = "403bb3a286107a04825a5f82e1270acc1e14028d3d554d7a1e08914549575ab8"

[[package]]
name = "rustc_version"
version = "0.2.3"
source = "registry+https://github.com/rust-lang/crates.io-index"
checksum = "138e3e0acb6c9fb258b19b67cb8abd63c00679d2851805ea151465464fe9030a"
dependencies = [
 "semver",
]

[[package]]
name = "safe-mix"
version = "1.0.0"
source = "registry+https://github.com/rust-lang/crates.io-index"
checksum = "7f7bf422d23a88c16d5090d455f182bc99c60af4df6a345c63428acf5129e347"
dependencies = [
 "rustc_version",
]

[[package]]
name = "schnorrkel"
version = "0.1.1"
source = "registry+https://github.com/rust-lang/crates.io-index"
checksum = "b5eff518f9bed3d803a0d002af0ab96339b0ebbedde3bec98a684986134b7a39"
dependencies = [
 "clear_on_drop",
 "curve25519-dalek",
 "ed25519-dalek",
 "failure",
 "merlin",
 "rand 0.6.5",
 "rand_chacha",
 "sha2 0.8.0",
 "sha3",
 "subtle 2.1.0",
]

[[package]]
name = "scopeguard"
version = "0.3.3"
source = "registry+https://github.com/rust-lang/crates.io-index"
checksum = "94258f53601af11e6a49f722422f6e3425c52b06245a5cf9bc09908b174f5e27"

[[package]]
name = "semver"
version = "0.9.0"
source = "registry+https://github.com/rust-lang/crates.io-index"
checksum = "1d7eb9ef2c18661902cc47e535f9bc51b78acd254da71d375c2f6720d9a40403"
dependencies = [
 "semver-parser",
]

[[package]]
name = "semver-parser"
version = "0.7.0"
source = "registry+https://github.com/rust-lang/crates.io-index"
checksum = "388a1df253eca08550bef6c72392cfe7c30914bf41df5269b68cbd6ff8f570a3"

[[package]]
name = "serde"
version = "1.0.93"
source = "registry+https://github.com/rust-lang/crates.io-index"
checksum = "960e29cf7004b3b6e65fc5002981400eb3ccc017a08a2406940823e58e7179a9"
dependencies = [
 "serde_derive",
]

[[package]]
name = "serde_derive"
version = "1.0.93"
source = "registry+https://github.com/rust-lang/crates.io-index"
checksum = "c4cce6663696bd38272e90bf34a0267e1226156c33f52d3f3915a2dd5d802085"
dependencies = [
 "proc-macro2",
 "quote",
 "syn",
]

[[package]]
name = "sha2"
version = "0.6.0"
source = "registry+https://github.com/rust-lang/crates.io-index"
checksum = "7d963c78ce367df26d7ea8b8cc655c651b42e8a1e584e869c1e17dae3ccb116a"
dependencies = [
 "block-buffer 0.2.0",
 "byte-tools 0.2.0",
 "digest 0.6.2",
 "fake-simd",
 "generic-array 0.8.3",
]

[[package]]
name = "sha2"
version = "0.8.0"
source = "registry+https://github.com/rust-lang/crates.io-index"
checksum = "7b4d8bfd0e469f417657573d8451fb33d16cfe0989359b93baf3a1ffc639543d"
dependencies = [
 "block-buffer 0.7.3",
 "digest 0.8.0",
 "fake-simd",
 "opaque-debug",
]

[[package]]
name = "sha3"
version = "0.8.2"
source = "registry+https://github.com/rust-lang/crates.io-index"
checksum = "dd26bc0e7a2e3a7c959bc494caf58b72ee0c71d67704e9520f736ca7e4853ecf"
dependencies = [
 "block-buffer 0.7.3",
 "byte-tools 0.3.1",
 "digest 0.8.0",
 "keccak",
 "opaque-debug",
]

[[package]]
name = "smallvec"
version = "0.6.14"
source = "registry+https://github.com/rust-lang/crates.io-index"
checksum = "b97fcaeba89edba30f044a10c6a3cc39df9c3f17d7cd829dd1446cab35f890e0"
dependencies = [
 "maybe-uninit",
]

[[package]]
name = "spin"
version = "0.5.0"
source = "registry+https://github.com/rust-lang/crates.io-index"
checksum = "44363f6f51401c34e7be73db0db371c04705d35efbe9f7d6082e03a921a32c55"

[[package]]
name = "sr-api-macros"
version = "1.0.0"
source = "git+https://github.com/paritytech/substrate.git?branch=v1.0#bb68456966bf9d767651773dbaadd6787bce1884"
dependencies = [
 "blake2-rfc",
 "proc-macro-crate",
 "proc-macro2",
 "quote",
 "syn",
]

[[package]]
name = "sr-io"
version = "1.0.0"
source = "git+https://github.com/paritytech/substrate.git?branch=v1.0#bb68456966bf9d767651773dbaadd6787bce1884"
dependencies = [
 "environmental",
 "hash-db",
 "libsecp256k1",
 "parity-codec",
 "rustc_version",
 "sr-std",
 "substrate-primitives",
 "substrate-state-machine",
 "substrate-trie",
 "tiny-keccak",
]

[[package]]
name = "sr-primitives"
version = "1.0.0"
source = "git+https://github.com/paritytech/substrate.git?branch=v1.0#bb68456966bf9d767651773dbaadd6787bce1884"
dependencies = [
 "integer-sqrt",
 "log",
 "num-traits",
 "parity-codec",
 "serde",
 "sr-io",
 "sr-std",
 "substrate-primitives",
]

[[package]]
name = "sr-std"
version = "1.0.0"
source = "git+https://github.com/paritytech/substrate.git?branch=v1.0#bb68456966bf9d767651773dbaadd6787bce1884"
dependencies = [
 "rustc_version",
]

[[package]]
name = "srml-metadata"
version = "1.0.0"
source = "git+https://github.com/paritytech/substrate.git?branch=v1.0#bb68456966bf9d767651773dbaadd6787bce1884"
dependencies = [
 "parity-codec",
 "serde",
 "sr-std",
 "substrate-primitives",
]

[[package]]
name = "srml-support"
version = "1.0.0"
source = "git+https://github.com/paritytech/substrate.git?branch=v1.0#bb68456966bf9d767651773dbaadd6787bce1884"
dependencies = [
 "bitmask",
 "hex-literal",
 "once_cell",
 "parity-codec",
 "paste",
 "serde",
 "sr-io",
 "sr-primitives",
 "sr-std",
 "srml-metadata",
 "srml-support-procedural",
 "substrate-inherents",
]

[[package]]
name = "srml-support-procedural"
version = "1.0.0"
source = "git+https://github.com/paritytech/substrate.git?branch=v1.0#bb68456966bf9d767651773dbaadd6787bce1884"
dependencies = [
 "proc-macro2",
 "quote",
 "sr-api-macros",
 "srml-support-procedural-tools",
 "syn",
]

[[package]]
name = "srml-support-procedural-tools"
version = "1.0.0"
source = "git+https://github.com/paritytech/substrate.git?branch=v1.0#bb68456966bf9d767651773dbaadd6787bce1884"
dependencies = [
 "proc-macro-crate",
 "proc-macro2",
 "quote",
 "srml-support-procedural-tools-derive",
 "syn",
]

[[package]]
name = "srml-support-procedural-tools-derive"
version = "1.0.0"
source = "git+https://github.com/paritytech/substrate.git?branch=v1.0#bb68456966bf9d767651773dbaadd6787bce1884"
dependencies = [
 "proc-macro2",
 "quote",
 "syn",
]

[[package]]
name = "srml-system"
version = "1.0.0"
source = "git+https://github.com/paritytech/substrate.git?branch=v1.0#bb68456966bf9d767651773dbaadd6787bce1884"
dependencies = [
 "hex-literal",
 "parity-codec",
 "safe-mix",
 "serde",
 "sr-io",
 "sr-primitives",
 "sr-std",
 "srml-support",
 "substrate-primitives",
]

[[package]]
name = "stable_deref_trait"
version = "1.1.1"
source = "registry+https://github.com/rust-lang/crates.io-index"
checksum = "dba1a27d3efae4351c8051072d619e3ade2820635c3958d826bfea39d59b54c8"

[[package]]
name = "static_assertions"
version = "0.2.5"
source = "registry+https://github.com/rust-lang/crates.io-index"
checksum = "c19be23126415861cb3a23e501d34a708f7f9b2183c5252d690941c2e69199d5"

[[package]]
name = "substrate-bip39"
version = "0.2.1"
source = "git+https://github.com/paritytech/substrate-bip39#44307fda4ea17fe97aeb93af317fbc8f6ed34193"
dependencies = [
 "hmac 0.7.0",
 "pbkdf2",
 "schnorrkel",
 "sha2 0.8.0",
]

[[package]]
name = "substrate-inherents"
version = "1.0.0"
source = "git+https://github.com/paritytech/substrate.git?branch=v1.0#bb68456966bf9d767651773dbaadd6787bce1884"
dependencies = [
 "parity-codec",
 "parking_lot",
 "sr-primitives",
 "sr-std",
]

[[package]]
name = "substrate-panic-handler"
version = "1.0.0"
source = "git+https://github.com/paritytech/substrate.git?branch=v1.0#bb68456966bf9d767651773dbaadd6787bce1884"
dependencies = [
 "backtrace",
 "log",
]

[[package]]
name = "substrate-primitives"
version = "1.0.0"
source = "git+https://github.com/paritytech/substrate.git?branch=v1.0#bb68456966bf9d767651773dbaadd6787bce1884"
dependencies = [
 "base58",
 "blake2-rfc",
 "byteorder",
 "hash-db",
 "hash256-std-hasher",
 "hex",
 "hex-literal",
 "impl-serde 0.1.1",
 "parity-codec",
 "primitive-types",
 "rand 0.6.5",
 "regex",
 "ring",
 "rustc-hex",
 "schnorrkel",
 "serde",
 "sha2 0.8.0",
 "sr-std",
 "substrate-bip39",
 "tiny-bip39",
 "twox-hash",
 "untrusted",
 "wasmi",
]

[[package]]
name = "substrate-state-machine"
version = "1.0.0"
source = "git+https://github.com/paritytech/substrate.git?branch=v1.0#bb68456966bf9d767651773dbaadd6787bce1884"
dependencies = [
 "hash-db",
 "heapsize",
 "hex-literal",
 "log",
 "parity-codec",
 "parking_lot",
 "substrate-panic-handler",
 "substrate-primitives",
 "substrate-trie",
 "trie-db",
 "trie-root",
]

[[package]]
name = "substrate-trie"
version = "1.0.0"
source = "git+https://github.com/paritytech/substrate.git?branch=v1.0#bb68456966bf9d767651773dbaadd6787bce1884"
dependencies = [
 "hash-db",
 "memory-db",
 "parity-codec",
 "substrate-primitives",
 "trie-db",
 "trie-root",
]

[[package]]
name = "subtle"
version = "1.0.0"
source = "registry+https://github.com/rust-lang/crates.io-index"
checksum = "2d67a5a62ba6e01cb2192ff309324cb4875d0c451d55fe2319433abe7a05a8ee"

[[package]]
name = "subtle"
version = "2.1.0"
source = "registry+https://github.com/rust-lang/crates.io-index"
checksum = "01dca13cf6c3b179864ab3292bd794e757618d35a7766b7c46050c614ba00829"

[[package]]
name = "syn"
version = "0.15.38"
source = "registry+https://github.com/rust-lang/crates.io-index"
checksum = "37ea458a750f59ab679b47fef9b6722c586c5742f4cfe18a120bbc807e5e01fd"
dependencies = [
 "proc-macro2",
 "quote",
 "unicode-xid",
]

[[package]]
name = "synstructure"
version = "0.10.2"
source = "registry+https://github.com/rust-lang/crates.io-index"
checksum = "02353edf96d6e4dc81aea2d8490a7e9db177bf8acb0e951c24940bf866cb313f"
dependencies = [
 "proc-macro2",
 "quote",
 "syn",
 "unicode-xid",
]

[[package]]
name = "thread_local"
version = "0.3.6"
source = "registry+https://github.com/rust-lang/crates.io-index"
checksum = "c6b53e329000edc2b34dbe8545fd20e55a333362d0a321909685a19bd28c3f1b"
dependencies = [
 "lazy_static",
]

[[package]]
name = "tiny-bip39"
version = "0.6.2"
source = "registry+https://github.com/rust-lang/crates.io-index"
checksum = "c1c5676413eaeb1ea35300a0224416f57abc3bd251657e0fafc12c47ff98c060"
dependencies = [
 "failure",
 "hashbrown",
 "hmac 0.7.0",
 "once_cell",
 "pbkdf2",
 "rand 0.6.5",
 "sha2 0.8.0",
]

[[package]]
name = "tiny-keccak"
version = "1.4.4"
source = "registry+https://github.com/rust-lang/crates.io-index"
checksum = "3f11c56c1b46016bb1129db9399f905385490f3e17907e4a8430e57f9a5b979c"
dependencies = [
 "crunchy",
]

[[package]]
name = "toml"
version = "0.5.1"
source = "registry+https://github.com/rust-lang/crates.io-index"
checksum = "b8c96d7873fa7ef8bdeb3a9cda3ac48389b4154f32b9803b4bc26220b677b039"
dependencies = [
 "serde",
]

[[package]]
name = "trie-db"
version = "0.12.4"
source = "registry+https://github.com/rust-lang/crates.io-index"
checksum = "ae063390324bfcf36c7e8e4fb1f85f6f0fb5dd04e1cd282581eb7b8b34b32de7"
dependencies = [
 "elastic-array",
 "hash-db",
 "hashmap_core",
 "log",
 "rand 0.6.5",
]

[[package]]
name = "trie-root"
version = "0.12.4"
source = "registry+https://github.com/rust-lang/crates.io-index"
checksum = "485c5dd851148b6fdac9009f7c256d0a4b5f99f08bd2e63c258f1e483aed4f1d"
dependencies = [
 "hash-db",
]

[[package]]
name = "twox-hash"
version = "1.3.0"
source = "registry+https://github.com/rust-lang/crates.io-index"
checksum = "6c7bcecad121018bdcd6b709fa2325b004878fcb3d3067934ce90749f0faff9a"
dependencies = [
 "rand 0.6.5",
]

[[package]]
name = "typenum"
version = "1.10.0"
source = "registry+https://github.com/rust-lang/crates.io-index"
checksum = "612d636f949607bdf9b123b4a6f6d966dedf3ff669f7f045890d3a4a73948169"

[[package]]
name = "ucd-util"
version = "0.1.3"
source = "registry+https://github.com/rust-lang/crates.io-index"
checksum = "535c204ee4d8434478593480b8f86ab45ec9aae0e83c568ca81abf0fd0e88f86"

[[package]]
name = "uint"
version = "0.7.1"
source = "registry+https://github.com/rust-lang/crates.io-index"
checksum = "2143cded94692b156c356508d92888acc824db5bffc0b4089732264c6fcf86d4"
dependencies = [
 "byteorder",
 "crunchy",
 "heapsize",
 "rustc-hex",
]

[[package]]
name = "unicode-xid"
version = "0.1.0"
source = "registry+https://github.com/rust-lang/crates.io-index"
checksum = "fc72304796d0818e357ead4e000d19c9c174ab23dc11093ac919054d20a6a7fc"

[[package]]
name = "untrusted"
version = "0.6.2"
source = "registry+https://github.com/rust-lang/crates.io-index"
checksum = "55cd1f4b4e96b46aeb8d4855db4a7a9bd96eeeb5c6a1ab54593328761642ce2f"

[[package]]
name = "utf8-ranges"
version = "1.0.3"
source = "registry+https://github.com/rust-lang/crates.io-index"
checksum = "9d50aa7650df78abf942826607c62468ce18d9019673d4a2ebe1865dbb96ffde"

[[package]]
name = "wasmi"
version = "0.4.5"
source = "registry+https://github.com/rust-lang/crates.io-index"
checksum = "aebbaef470840d157a5c47c8c49f024da7b1b80e90ff729ca982b2b80447e78b"
dependencies = [
 "memory_units",
 "parity-wasm",
 "wasmi-validation",
]

[[package]]
name = "wasmi-validation"
version = "0.1.0"
source = "registry+https://github.com/rust-lang/crates.io-index"
checksum = "ab380192444b3e8522ae79c0a1976e42a82920916ccdfbce3def89f456ea33f3"
dependencies = [
 "parity-wasm",
]

[[package]]
name = "winapi"
version = "0.3.7"
source = "registry+https://github.com/rust-lang/crates.io-index"
checksum = "f10e386af2b13e47c89e7236a7a14a086791a2b88ebad6df9bf42040195cf770"
dependencies = [
 "winapi-i686-pc-windows-gnu",
 "winapi-x86_64-pc-windows-gnu",
]

[[package]]
name = "winapi-i686-pc-windows-gnu"
version = "0.4.0"
source = "registry+https://github.com/rust-lang/crates.io-index"
checksum = "ac3b87c63620426dd9b991e5ce0329eff545bccbbb34f3be09ff6fb6ab51b7b6"

[[package]]
name = "winapi-x86_64-pc-windows-gnu"
version = "0.4.0"
source = "registry+https://github.com/rust-lang/crates.io-index"
checksum = "712e227841d057c1ee1cd2fb22fa7e5a5461ae8e48fa2ca79ec42cfc1931183f"
